// !$*UTF8*$!
{
	archiveVersion = 1;
	classes = {
	};
	objectVersion = 46;
	objects = {

/* Begin PBXBuildFile section */
		B318DBAA1EAEF99300BE3C9E /* NSData+ImageContentType.m in Sources */ = {isa = PBXBuildFile; fileRef = B318DB8E1EAEF99300BE3C9E /* NSData+ImageContentType.m */; };
		B318DBAB1EAEF99300BE3C9E /* SDImageCache.m in Sources */ = {isa = PBXBuildFile; fileRef = B318DB901EAEF99300BE3C9E /* SDImageCache.m */; };
		B318DBAC1EAEF99300BE3C9E /* SDWebImageCompat.m in Sources */ = {isa = PBXBuildFile; fileRef = B318DB921EAEF99300BE3C9E /* SDWebImageCompat.m */; };
		B318DBAD1EAEF99300BE3C9E /* SDWebImageDecoder.m in Sources */ = {isa = PBXBuildFile; fileRef = B318DB941EAEF99300BE3C9E /* SDWebImageDecoder.m */; };
		B318DBAE1EAEF99300BE3C9E /* SDWebImageDownloader.m in Sources */ = {isa = PBXBuildFile; fileRef = B318DB961EAEF99300BE3C9E /* SDWebImageDownloader.m */; };
		B318DBAF1EAEF99300BE3C9E /* SDWebImageDownloaderOperation.m in Sources */ = {isa = PBXBuildFile; fileRef = B318DB981EAEF99300BE3C9E /* SDWebImageDownloaderOperation.m */; };
		B318DBB01EAEF99300BE3C9E /* SDWebImageManager.m in Sources */ = {isa = PBXBuildFile; fileRef = B318DB9A1EAEF99300BE3C9E /* SDWebImageManager.m */; };
		B318DBB11EAEF99300BE3C9E /* SDWebImagePrefetcher.m in Sources */ = {isa = PBXBuildFile; fileRef = B318DB9D1EAEF99300BE3C9E /* SDWebImagePrefetcher.m */; };
		B318DBB21EAEF99300BE3C9E /* UIButton+WebCache.m in Sources */ = {isa = PBXBuildFile; fileRef = B318DB9F1EAEF99300BE3C9E /* UIButton+WebCache.m */; };
		B318DBB31EAEF99300BE3C9E /* UIImage+GIF.m in Sources */ = {isa = PBXBuildFile; fileRef = B318DBA11EAEF99300BE3C9E /* UIImage+GIF.m */; };
		B318DBB41EAEF99300BE3C9E /* UIImage+MultiFormat.m in Sources */ = {isa = PBXBuildFile; fileRef = B318DBA31EAEF99300BE3C9E /* UIImage+MultiFormat.m */; };
		B318DBB51EAEF99300BE3C9E /* UIImageView+HighlightedWebCache.m in Sources */ = {isa = PBXBuildFile; fileRef = B318DBA51EAEF99300BE3C9E /* UIImageView+HighlightedWebCache.m */; };
		B318DBB61EAEF99300BE3C9E /* UIImageView+WebCache.m in Sources */ = {isa = PBXBuildFile; fileRef = B318DBA71EAEF99300BE3C9E /* UIImageView+WebCache.m */; };
		B318DBB71EAEF99300BE3C9E /* UIView+WebCacheOperation.m in Sources */ = {isa = PBXBuildFile; fileRef = B318DBA91EAEF99300BE3C9E /* UIView+WebCacheOperation.m */; };
		B33B39151EA4C5AF00B112A4 /* ImageShadowView.m in Sources */ = {isa = PBXBuildFile; fileRef = B33B39141EA4C5AF00B112A4 /* ImageShadowView.m */; };
		B3ACA5391EA0CB9600E310BE /* main.m in Sources */ = {isa = PBXBuildFile; fileRef = B3ACA5381EA0CB9600E310BE /* main.m */; };
		B3ACA53C1EA0CB9600E310BE /* AppDelegate.m in Sources */ = {isa = PBXBuildFile; fileRef = B3ACA53B1EA0CB9600E310BE /* AppDelegate.m */; };
		B3ACA53F1EA0CB9600E310BE /* ViewController.m in Sources */ = {isa = PBXBuildFile; fileRef = B3ACA53E1EA0CB9600E310BE /* ViewController.m */; };
		B3ACA5421EA0CB9600E310BE /* Main.storyboard in Resources */ = {isa = PBXBuildFile; fileRef = B3ACA5401EA0CB9600E310BE /* Main.storyboard */; };
		B3ACA5441EA0CB9600E310BE /* Assets.xcassets in Resources */ = {isa = PBXBuildFile; fileRef = B3ACA5431EA0CB9600E310BE /* Assets.xcassets */; };
		B3ACA5471EA0CB9600E310BE /* LaunchScreen.storyboard in Resources */ = {isa = PBXBuildFile; fileRef = B3ACA5451EA0CB9600E310BE /* LaunchScreen.storyboard */; };
/* End PBXBuildFile section */

/* Begin PBXFileReference section */
		B318DB8D1EAEF99300BE3C9E /* NSData+ImageContentType.h */ = {isa = PBXFileReference; fileEncoding = 4; lastKnownFileType = sourcecode.c.h; path = "NSData+ImageContentType.h"; sourceTree = "<group>"; };
		B318DB8E1EAEF99300BE3C9E /* NSData+ImageContentType.m */ = {isa = PBXFileReference; fileEncoding = 4; lastKnownFileType = sourcecode.c.objc; path = "NSData+ImageContentType.m"; sourceTree = "<group>"; };
		B318DB8F1EAEF99300BE3C9E /* SDImageCache.h */ = {isa = PBXFileReference; fileEncoding = 4; lastKnownFileType = sourcecode.c.h; path = SDImageCache.h; sourceTree = "<group>"; };
		B318DB901EAEF99300BE3C9E /* SDImageCache.m */ = {isa = PBXFileReference; fileEncoding = 4; lastKnownFileType = sourcecode.c.objc; path = SDImageCache.m; sourceTree = "<group>"; };
		B318DB911EAEF99300BE3C9E /* SDWebImageCompat.h */ = {isa = PBXFileReference; fileEncoding = 4; lastKnownFileType = sourcecode.c.h; path = SDWebImageCompat.h; sourceTree = "<group>"; };
		B318DB921EAEF99300BE3C9E /* SDWebImageCompat.m */ = {isa = PBXFileReference; fileEncoding = 4; lastKnownFileType = sourcecode.c.objc; path = SDWebImageCompat.m; sourceTree = "<group>"; };
		B318DB931EAEF99300BE3C9E /* SDWebImageDecoder.h */ = {isa = PBXFileReference; fileEncoding = 4; lastKnownFileType = sourcecode.c.h; path = SDWebImageDecoder.h; sourceTree = "<group>"; };
		B318DB941EAEF99300BE3C9E /* SDWebImageDecoder.m */ = {isa = PBXFileReference; fileEncoding = 4; lastKnownFileType = sourcecode.c.objc; path = SDWebImageDecoder.m; sourceTree = "<group>"; };
		B318DB951EAEF99300BE3C9E /* SDWebImageDownloader.h */ = {isa = PBXFileReference; fileEncoding = 4; lastKnownFileType = sourcecode.c.h; path = SDWebImageDownloader.h; sourceTree = "<group>"; };
		B318DB961EAEF99300BE3C9E /* SDWebImageDownloader.m */ = {isa = PBXFileReference; fileEncoding = 4; lastKnownFileType = sourcecode.c.objc; path = SDWebImageDownloader.m; sourceTree = "<group>"; };
		B318DB971EAEF99300BE3C9E /* SDWebImageDownloaderOperation.h */ = {isa = PBXFileReference; fileEncoding = 4; lastKnownFileType = sourcecode.c.h; path = SDWebImageDownloaderOperation.h; sourceTree = "<group>"; };
		B318DB981EAEF99300BE3C9E /* SDWebImageDownloaderOperation.m */ = {isa = PBXFileReference; fileEncoding = 4; lastKnownFileType = sourcecode.c.objc; path = SDWebImageDownloaderOperation.m; sourceTree = "<group>"; };
		B318DB991EAEF99300BE3C9E /* SDWebImageManager.h */ = {isa = PBXFileReference; fileEncoding = 4; lastKnownFileType = sourcecode.c.h; path = SDWebImageManager.h; sourceTree = "<group>"; };
		B318DB9A1EAEF99300BE3C9E /* SDWebImageManager.m */ = {isa = PBXFileReference; fileEncoding = 4; lastKnownFileType = sourcecode.c.objc; path = SDWebImageManager.m; sourceTree = "<group>"; };
		B318DB9B1EAEF99300BE3C9E /* SDWebImageOperation.h */ = {isa = PBXFileReference; fileEncoding = 4; lastKnownFileType = sourcecode.c.h; path = SDWebImageOperation.h; sourceTree = "<group>"; };
		B318DB9C1EAEF99300BE3C9E /* SDWebImagePrefetcher.h */ = {isa = PBXFileReference; fileEncoding = 4; lastKnownFileType = sourcecode.c.h; path = SDWebImagePrefetcher.h; sourceTree = "<group>"; };
		B318DB9D1EAEF99300BE3C9E /* SDWebImagePrefetcher.m */ = {isa = PBXFileReference; fileEncoding = 4; lastKnownFileType = sourcecode.c.objc; path = SDWebImagePrefetcher.m; sourceTree = "<group>"; };
		B318DB9E1EAEF99300BE3C9E /* UIButton+WebCache.h */ = {isa = PBXFileReference; fileEncoding = 4; lastKnownFileType = sourcecode.c.h; path = "UIButton+WebCache.h"; sourceTree = "<group>"; };
		B318DB9F1EAEF99300BE3C9E /* UIButton+WebCache.m */ = {isa = PBXFileReference; fileEncoding = 4; lastKnownFileType = sourcecode.c.objc; path = "UIButton+WebCache.m"; sourceTree = "<group>"; };
		B318DBA01EAEF99300BE3C9E /* UIImage+GIF.h */ = {isa = PBXFileReference; fileEncoding = 4; lastKnownFileType = sourcecode.c.h; path = "UIImage+GIF.h"; sourceTree = "<group>"; };
		B318DBA11EAEF99300BE3C9E /* UIImage+GIF.m */ = {isa = PBXFileReference; fileEncoding = 4; lastKnownFileType = sourcecode.c.objc; path = "UIImage+GIF.m"; sourceTree = "<group>"; };
		B318DBA21EAEF99300BE3C9E /* UIImage+MultiFormat.h */ = {isa = PBXFileReference; fileEncoding = 4; lastKnownFileType = sourcecode.c.h; path = "UIImage+MultiFormat.h"; sourceTree = "<group>"; };
		B318DBA31EAEF99300BE3C9E /* UIImage+MultiFormat.m */ = {isa = PBXFileReference; fileEncoding = 4; lastKnownFileType = sourcecode.c.objc; path = "UIImage+MultiFormat.m"; sourceTree = "<group>"; };
		B318DBA41EAEF99300BE3C9E /* UIImageView+HighlightedWebCache.h */ = {isa = PBXFileReference; fileEncoding = 4; lastKnownFileType = sourcecode.c.h; path = "UIImageView+HighlightedWebCache.h"; sourceTree = "<group>"; };
		B318DBA51EAEF99300BE3C9E /* UIImageView+HighlightedWebCache.m */ = {isa = PBXFileReference; fileEncoding = 4; lastKnownFileType = sourcecode.c.objc; path = "UIImageView+HighlightedWebCache.m"; sourceTree = "<group>"; };
		B318DBA61EAEF99300BE3C9E /* UIImageView+WebCache.h */ = {isa = PBXFileReference; fileEncoding = 4; lastKnownFileType = sourcecode.c.h; path = "UIImageView+WebCache.h"; sourceTree = "<group>"; };
		B318DBA71EAEF99300BE3C9E /* UIImageView+WebCache.m */ = {isa = PBXFileReference; fileEncoding = 4; lastKnownFileType = sourcecode.c.objc; path = "UIImageView+WebCache.m"; sourceTree = "<group>"; };
		B318DBA81EAEF99300BE3C9E /* UIView+WebCacheOperation.h */ = {isa = PBXFileReference; fileEncoding = 4; lastKnownFileType = sourcecode.c.h; path = "UIView+WebCacheOperation.h"; sourceTree = "<group>"; };
		B318DBA91EAEF99300BE3C9E /* UIView+WebCacheOperation.m */ = {isa = PBXFileReference; fileEncoding = 4; lastKnownFileType = sourcecode.c.objc; path = "UIView+WebCacheOperation.m"; sourceTree = "<group>"; };
		B33B39131EA4C5AF00B112A4 /* ImageShadowView.h */ = {isa = PBXFileReference; fileEncoding = 4; lastKnownFileType = sourcecode.c.h; path = ImageShadowView.h; sourceTree = "<group>"; };
		B33B39141EA4C5AF00B112A4 /* ImageShadowView.m */ = {isa = PBXFileReference; fileEncoding = 4; lastKnownFileType = sourcecode.c.objc; path = ImageShadowView.m; sourceTree = "<group>"; };
		B3ACA5341EA0CB9600E310BE /* MagicShadowMaker.app */ = {isa = PBXFileReference; explicitFileType = wrapper.application; includeInIndex = 0; path = MagicShadowMaker.app; sourceTree = BUILT_PRODUCTS_DIR; };
		B3ACA5381EA0CB9600E310BE /* main.m */ = {isa = PBXFileReference; lastKnownFileType = sourcecode.c.objc; path = main.m; sourceTree = "<group>"; };
		B3ACA53A1EA0CB9600E310BE /* AppDelegate.h */ = {isa = PBXFileReference; lastKnownFileType = sourcecode.c.h; path = AppDelegate.h; sourceTree = "<group>"; };
		B3ACA53B1EA0CB9600E310BE /* AppDelegate.m */ = {isa = PBXFileReference; lastKnownFileType = sourcecode.c.objc; path = AppDelegate.m; sourceTree = "<group>"; };
		B3ACA53D1EA0CB9600E310BE /* ViewController.h */ = {isa = PBXFileReference; lastKnownFileType = sourcecode.c.h; path = ViewController.h; sourceTree = "<group>"; };
		B3ACA53E1EA0CB9600E310BE /* ViewController.m */ = {isa = PBXFileReference; lastKnownFileType = sourcecode.c.objc; path = ViewController.m; sourceTree = "<group>"; };
		B3ACA5411EA0CB9600E310BE /* Base */ = {isa = PBXFileReference; lastKnownFileType = file.storyboard; name = Base; path = Base.lproj/Main.storyboard; sourceTree = "<group>"; };
		B3ACA5431EA0CB9600E310BE /* Assets.xcassets */ = {isa = PBXFileReference; lastKnownFileType = folder.assetcatalog; path = Assets.xcassets; sourceTree = "<group>"; };
		B3ACA5461EA0CB9600E310BE /* Base */ = {isa = PBXFileReference; lastKnownFileType = file.storyboard; name = Base; path = Base.lproj/LaunchScreen.storyboard; sourceTree = "<group>"; };
		B3ACA5481EA0CB9600E310BE /* Info.plist */ = {isa = PBXFileReference; lastKnownFileType = text.plist.xml; path = Info.plist; sourceTree = "<group>"; };
/* End PBXFileReference section */

/* Begin PBXFrameworksBuildPhase section */
		B3ACA5311EA0CB9600E310BE /* Frameworks */ = {
			isa = PBXFrameworksBuildPhase;
			buildActionMask = 2147483647;
			files = (
			);
			runOnlyForDeploymentPostprocessing = 0;
		};
/* End PBXFrameworksBuildPhase section */

/* Begin PBXGroup section */
		B318DB8C1EAEF99300BE3C9E /* SDWebImage */ = {
			isa = PBXGroup;
			children = (
				B318DB8D1EAEF99300BE3C9E /* NSData+ImageContentType.h */,
				B318DB8E1EAEF99300BE3C9E /* NSData+ImageContentType.m */,
				B318DB8F1EAEF99300BE3C9E /* SDImageCache.h */,
				B318DB901EAEF99300BE3C9E /* SDImageCache.m */,
				B318DB911EAEF99300BE3C9E /* SDWebImageCompat.h */,
				B318DB921EAEF99300BE3C9E /* SDWebImageCompat.m */,
				B318DB931EAEF99300BE3C9E /* SDWebImageDecoder.h */,
				B318DB941EAEF99300BE3C9E /* SDWebImageDecoder.m */,
				B318DB951EAEF99300BE3C9E /* SDWebImageDownloader.h */,
				B318DB961EAEF99300BE3C9E /* SDWebImageDownloader.m */,
				B318DB971EAEF99300BE3C9E /* SDWebImageDownloaderOperation.h */,
				B318DB981EAEF99300BE3C9E /* SDWebImageDownloaderOperation.m */,
				B318DB991EAEF99300BE3C9E /* SDWebImageManager.h */,
				B318DB9A1EAEF99300BE3C9E /* SDWebImageManager.m */,
				B318DB9B1EAEF99300BE3C9E /* SDWebImageOperation.h */,
				B318DB9C1EAEF99300BE3C9E /* SDWebImagePrefetcher.h */,
				B318DB9D1EAEF99300BE3C9E /* SDWebImagePrefetcher.m */,
				B318DB9E1EAEF99300BE3C9E /* UIButton+WebCache.h */,
				B318DB9F1EAEF99300BE3C9E /* UIButton+WebCache.m */,
				B318DBA01EAEF99300BE3C9E /* UIImage+GIF.h */,
				B318DBA11EAEF99300BE3C9E /* UIImage+GIF.m */,
				B318DBA21EAEF99300BE3C9E /* UIImage+MultiFormat.h */,
				B318DBA31EAEF99300BE3C9E /* UIImage+MultiFormat.m */,
				B318DBA41EAEF99300BE3C9E /* UIImageView+HighlightedWebCache.h */,
				B318DBA51EAEF99300BE3C9E /* UIImageView+HighlightedWebCache.m */,
				B318DBA61EAEF99300BE3C9E /* UIImageView+WebCache.h */,
				B318DBA71EAEF99300BE3C9E /* UIImageView+WebCache.m */,
				B318DBA81EAEF99300BE3C9E /* UIView+WebCacheOperation.h */,
				B318DBA91EAEF99300BE3C9E /* UIView+WebCacheOperation.m */,
			);
			path = SDWebImage;
			sourceTree = "<group>";
		};
		B3ACA52B1EA0CB9600E310BE = {
			isa = PBXGroup;
			children = (
				B3ACA5361EA0CB9600E310BE /* MagicShadowMaker */,
				B3ACA5351EA0CB9600E310BE /* Products */,
			);
			sourceTree = "<group>";
		};
		B3ACA5351EA0CB9600E310BE /* Products */ = {
			isa = PBXGroup;
			children = (
				B3ACA5341EA0CB9600E310BE /* MagicShadowMaker.app */,
			);
			name = Products;
			sourceTree = "<group>";
		};
		B3ACA5361EA0CB9600E310BE /* MagicShadowMaker */ = {
			isa = PBXGroup;
			children = (
				B318DB8C1EAEF99300BE3C9E /* SDWebImage */,
				B3ACA53A1EA0CB9600E310BE /* AppDelegate.h */,
				B3ACA53B1EA0CB9600E310BE /* AppDelegate.m */,
				B3ACA53D1EA0CB9600E310BE /* ViewController.h */,
				B3ACA53E1EA0CB9600E310BE /* ViewController.m */,
				B33B39131EA4C5AF00B112A4 /* ImageShadowView.h */,
				B33B39141EA4C5AF00B112A4 /* ImageShadowView.m */,
				B3ACA5401EA0CB9600E310BE /* Main.storyboard */,
				B3ACA5431EA0CB9600E310BE /* Assets.xcassets */,
				B3ACA5451EA0CB9600E310BE /* LaunchScreen.storyboard */,
				B3ACA5481EA0CB9600E310BE /* Info.plist */,
				B3ACA5371EA0CB9600E310BE /* Supporting Files */,
			);
			path = MagicShadowMaker;
			sourceTree = "<group>";
		};
		B3ACA5371EA0CB9600E310BE /* Supporting Files */ = {
			isa = PBXGroup;
			children = (
				B3ACA5381EA0CB9600E310BE /* main.m */,
			);
			name = "Supporting Files";
			sourceTree = "<group>";
		};
/* End PBXGroup section */

/* Begin PBXNativeTarget section */
		B3ACA5331EA0CB9600E310BE /* MagicShadowMaker */ = {
			isa = PBXNativeTarget;
			buildConfigurationList = B3ACA54B1EA0CB9600E310BE /* Build configuration list for PBXNativeTarget "MagicShadowMaker" */;
			buildPhases = (
				B3ACA5301EA0CB9600E310BE /* Sources */,
				B3ACA5311EA0CB9600E310BE /* Frameworks */,
				B3ACA5321EA0CB9600E310BE /* Resources */,
			);
			buildRules = (
			);
			dependencies = (
			);
			name = MagicShadowMaker;
			productName = MagicShadowMaker;
			productReference = B3ACA5341EA0CB9600E310BE /* MagicShadowMaker.app */;
			productType = "com.apple.product-type.application";
		};
/* End PBXNativeTarget section */

/* Begin PBXProject section */
		B3ACA52C1EA0CB9600E310BE /* Project object */ = {
			isa = PBXProject;
			attributes = {
				LastUpgradeCheck = 0830;
				ORGANIZATIONNAME = Xschool;
				TargetAttributes = {
					B3ACA5331EA0CB9600E310BE = {
						CreatedOnToolsVersion = 8.3.1;
						DevelopmentTeam = T7U5EL3U9U;
						ProvisioningStyle = Automatic;
					};
				};
			};
			buildConfigurationList = B3ACA52F1EA0CB9600E310BE /* Build configuration list for PBXProject "MagicShadowMaker" */;
			compatibilityVersion = "Xcode 3.2";
			developmentRegion = English;
			hasScannedForEncodings = 0;
			knownRegions = (
				en,
				Base,
			);
			mainGroup = B3ACA52B1EA0CB9600E310BE;
			productRefGroup = B3ACA5351EA0CB9600E310BE /* Products */;
			projectDirPath = "";
			projectRoot = "";
			targets = (
				B3ACA5331EA0CB9600E310BE /* MagicShadowMaker */,
			);
		};
/* End PBXProject section */

/* Begin PBXResourcesBuildPhase section */
		B3ACA5321EA0CB9600E310BE /* Resources */ = {
			isa = PBXResourcesBuildPhase;
			buildActionMask = 2147483647;
			files = (
				B3ACA5471EA0CB9600E310BE /* LaunchScreen.storyboard in Resources */,
				B3ACA5441EA0CB9600E310BE /* Assets.xcassets in Resources */,
				B3ACA5421EA0CB9600E310BE /* Main.storyboard in Resources */,
			);
			runOnlyForDeploymentPostprocessing = 0;
		};
/* End PBXResourcesBuildPhase section */

/* Begin PBXSourcesBuildPhase section */
		B3ACA5301EA0CB9600E310BE /* Sources */ = {
			isa = PBXSourcesBuildPhase;
			buildActionMask = 2147483647;
			files = (
				B318DBAA1EAEF99300BE3C9E /* NSData+ImageContentType.m in Sources */,
				B318DBB01EAEF99300BE3C9E /* SDWebImageManager.m in Sources */,
				B318DBB51EAEF99300BE3C9E /* UIImageView+HighlightedWebCache.m in Sources */,
				B318DBAE1EAEF99300BE3C9E /* SDWebImageDownloader.m in Sources */,
				B318DBB61EAEF99300BE3C9E /* UIImageView+WebCache.m in Sources */,
				B318DBAB1EAEF99300BE3C9E /* SDImageCache.m in Sources */,
				B3ACA53F1EA0CB9600E310BE /* ViewController.m in Sources */,
				B33B39151EA4C5AF00B112A4 /* ImageShadowView.m in Sources */,
				B318DBAD1EAEF99300BE3C9E /* SDWebImageDecoder.m in Sources */,
				B318DBB41EAEF99300BE3C9E /* UIImage+MultiFormat.m in Sources */,
				B318DBAF1EAEF99300BE3C9E /* SDWebImageDownloaderOperation.m in Sources */,
				B3ACA53C1EA0CB9600E310BE /* AppDelegate.m in Sources */,
				B318DBB21EAEF99300BE3C9E /* UIButton+WebCache.m in Sources */,
				B318DBB11EAEF99300BE3C9E /* SDWebImagePrefetcher.m in Sources */,
				B318DBAC1EAEF99300BE3C9E /* SDWebImageCompat.m in Sources */,
				B318DBB31EAEF99300BE3C9E /* UIImage+GIF.m in Sources */,
				B318DBB71EAEF99300BE3C9E /* UIView+WebCacheOperation.m in Sources */,
				B3ACA5391EA0CB9600E310BE /* main.m in Sources */,
			);
			runOnlyForDeploymentPostprocessing = 0;
		};
/* End PBXSourcesBuildPhase section */

/* Begin PBXVariantGroup section */
		B3ACA5401EA0CB9600E310BE /* Main.storyboard */ = {
			isa = PBXVariantGroup;
			children = (
				B3ACA5411EA0CB9600E310BE /* Base */,
			);
			name = Main.storyboard;
			sourceTree = "<group>";
		};
		B3ACA5451EA0CB9600E310BE /* LaunchScreen.storyboard */ = {
			isa = PBXVariantGroup;
			children = (
				B3ACA5461EA0CB9600E310BE /* Base */,
			);
			name = LaunchScreen.storyboard;
			sourceTree = "<group>";
		};
/* End PBXVariantGroup section */

/* Begin XCBuildConfiguration section */
		B3ACA5491EA0CB9600E310BE /* Debug */ = {
			isa = XCBuildConfiguration;
			buildSettings = {
				ALWAYS_SEARCH_USER_PATHS = NO;
				CLANG_ANALYZER_NONNULL = YES;
				CLANG_ANALYZER_NUMBER_OBJECT_CONVERSION = YES_AGGRESSIVE;
				CLANG_CXX_LANGUAGE_STANDARD = "gnu++0x";
				CLANG_CXX_LIBRARY = "libc++";
				CLANG_ENABLE_MODULES = YES;
				CLANG_ENABLE_OBJC_ARC = YES;
				CLANG_WARN_BOOL_CONVERSION = YES;
				CLANG_WARN_CONSTANT_CONVERSION = YES;
				CLANG_WARN_DIRECT_OBJC_ISA_USAGE = YES_ERROR;
				CLANG_WARN_DOCUMENTATION_COMMENTS = YES;
				CLANG_WARN_EMPTY_BODY = YES;
				CLANG_WARN_ENUM_CONVERSION = YES;
				CLANG_WARN_INFINITE_RECURSION = YES;
				CLANG_WARN_INT_CONVERSION = YES;
				CLANG_WARN_OBJC_ROOT_CLASS = YES_ERROR;
				CLANG_WARN_SUSPICIOUS_MOVE = YES;
				CLANG_WARN_UNREACHABLE_CODE = YES;
				CLANG_WARN__DUPLICATE_METHOD_MATCH = YES;
				"CODE_SIGN_IDENTITY[sdk=iphoneos*]" = "iPhone Developer";
				COPY_PHASE_STRIP = NO;
				DEBUG_INFORMATION_FORMAT = dwarf;
				ENABLE_STRICT_OBJC_MSGSEND = YES;
				ENABLE_TESTABILITY = YES;
				GCC_C_LANGUAGE_STANDARD = gnu99;
				GCC_DYNAMIC_NO_PIC = NO;
				GCC_NO_COMMON_BLOCKS = YES;
				GCC_OPTIMIZATION_LEVEL = 0;
				GCC_PREPROCESSOR_DEFINITIONS = (
					"DEBUG=1",
					"$(inherited)",
				);
				GCC_WARN_64_TO_32_BIT_CONVERSION = YES;
				GCC_WARN_ABOUT_RETURN_TYPE = YES_ERROR;
				GCC_WARN_UNDECLARED_SELECTOR = YES;
				GCC_WARN_UNINITIALIZED_AUTOS = YES_AGGRESSIVE;
				GCC_WARN_UNUSED_FUNCTION = YES;
				GCC_WARN_UNUSED_VARIABLE = YES;
				IPHONEOS_DEPLOYMENT_TARGET = 10.3;
				MTL_ENABLE_DEBUG_INFO = YES;
				ONLY_ACTIVE_ARCH = YES;
				SDKROOT = iphoneos;
			};
			name = Debug;
		};
		B3ACA54A1EA0CB9600E310BE /* Release */ = {
			isa = XCBuildConfiguration;
			buildSettings = {
				ALWAYS_SEARCH_USER_PATHS = NO;
				CLANG_ANALYZER_NONNULL = YES;
				CLANG_ANALYZER_NUMBER_OBJECT_CONVERSION = YES_AGGRESSIVE;
				CLANG_CXX_LANGUAGE_STANDARD = "gnu++0x";
				CLANG_CXX_LIBRARY = "libc++";
				CLANG_ENABLE_MODULES = YES;
				CLANG_ENABLE_OBJC_ARC = YES;
				CLANG_WARN_BOOL_CONVERSION = YES;
				CLANG_WARN_CONSTANT_CONVERSION = YES;
				CLANG_WARN_DIRECT_OBJC_ISA_USAGE = YES_ERROR;
				CLANG_WARN_DOCUMENTATION_COMMENTS = YES;
				CLANG_WARN_EMPTY_BODY = YES;
				CLANG_WARN_ENUM_CONVERSION = YES;
				CLANG_WARN_INFINITE_RECURSION = YES;
				CLANG_WARN_INT_CONVERSION = YES;
				CLANG_WARN_OBJC_ROOT_CLASS = YES_ERROR;
				CLANG_WARN_SUSPICIOUS_MOVE = YES;
				CLANG_WARN_UNREACHABLE_CODE = YES;
				CLANG_WARN__DUPLICATE_METHOD_MATCH = YES;
				"CODE_SIGN_IDENTITY[sdk=iphoneos*]" = "iPhone Developer";
				COPY_PHASE_STRIP = NO;
				DEBUG_INFORMATION_FORMAT = "dwarf-with-dsym";
				ENABLE_NS_ASSERTIONS = NO;
				ENABLE_STRICT_OBJC_MSGSEND = YES;
				GCC_C_LANGUAGE_STANDARD = gnu99;
				GCC_NO_COMMON_BLOCKS = YES;
				GCC_WARN_64_TO_32_BIT_CONVERSION = YES;
				GCC_WARN_ABOUT_RETURN_TYPE = YES_ERROR;
				GCC_WARN_UNDECLARED_SELECTOR = YES;
				GCC_WARN_UNINITIALIZED_AUTOS = YES_AGGRESSIVE;
				GCC_WARN_UNUSED_FUNCTION = YES;
				GCC_WARN_UNUSED_VARIABLE = YES;
				IPHONEOS_DEPLOYMENT_TARGET = 10.3;
				MTL_ENABLE_DEBUG_INFO = NO;
				SDKROOT = iphoneos;
				VALIDATE_PRODUCT = YES;
			};
			name = Release;
		};
		B3ACA54C1EA0CB9600E310BE /* Debug */ = {
			isa = XCBuildConfiguration;
			buildSettings = {
				ASSETCATALOG_COMPILER_APPICON_NAME = AppIcon;
				DEVELOPMENT_TEAM = T7U5EL3U9U;
				INFOPLIST_FILE = MagicShadowMaker/Info.plist;
				IPHONEOS_DEPLOYMENT_TARGET = 8.0;
				LD_RUNPATH_SEARCH_PATHS = "$(inherited) @executable_path/Frameworks";
				PRODUCT_BUNDLE_IDENTIFIER = Xschool.MagicShadowMaker;
				PRODUCT_NAME = "$(TARGET_NAME)";
			};
			name = Debug;
		};
		B3ACA54D1EA0CB9600E310BE /* Release */ = {
			isa = XCBuildConfiguration;
			buildSettings = {
				ASSETCATALOG_COMPILER_APPICON_NAME = AppIcon;
				DEVELOPMENT_TEAM = T7U5EL3U9U;
				INFOPLIST_FILE = MagicShadowMaker/Info.plist;
				IPHONEOS_DEPLOYMENT_TARGET = 8.0;
				LD_RUNPATH_SEARCH_PATHS = "$(inherited) @executable_path/Frameworks";
				PRODUCT_BUNDLE_IDENTIFIER = Xschool.MagicShadowMaker;
				PRODUCT_NAME = "$(TARGET_NAME)";
			};
			name = Release;
		};
/* End XCBuildConfiguration section */

/* Begin XCConfigurationList section */
		B3ACA52F1EA0CB9600E310BE /* Build configuration list for PBXProject "MagicShadowMaker" */ = {
			isa = XCConfigurationList;
			buildConfigurations = (
				B3ACA5491EA0CB9600E310BE /* Debug */,
				B3ACA54A1EA0CB9600E310BE /* Release */,
			);
			defaultConfigurationIsVisible = 0;
			defaultConfigurationName = Release;
		};
		B3ACA54B1EA0CB9600E310BE /* Build configuration list for PBXNativeTarget "MagicShadowMaker" */ = {
			isa = XCConfigurationList;
			buildConfigurations = (
				B3ACA54C1EA0CB9600E310BE /* Debug */,
				B3ACA54D1EA0CB9600E310BE /* Release */,
			);
			defaultConfigurationIsVisible = 0;
			defaultConfigurationName = Release;
		};
/* End XCConfigurationList section */
	};
	rootObject = B3ACA52C1EA0CB9600E310BE /* Project object */;
}
